{
  "originHash" : "14b8b5af1a2791511c0c341e6a8c89336bda23ddb835804a01c3700862927acb",
  "pins" : [
    {
      "identity" : "axswift",
      "kind" : "remoteSourceControl",
      "location" : "https://github.com/tmandry/AXSwift",
      "state" : {
        "revision" : "81dcc36aced905d6464cc25e35f8d13184bbf21c",
        "version" : "0.3.2"
      }
    },
    {
      "identity" : "compactslider",
      "kind" : "remoteSourceControl",
      "location" : "https://github.com/cavaldos/CompactSlider",
      "state" : {
        "branch" : "xcode27-fix",
        "revision" : "c11ddbb88af333605d2ce0542da8e7b26d1fc58b"
      }
    },
    {
      "identity" : "ifrit",
      "kind" : "remoteSourceControl",
      "location" : "https://github.com/ukushu/Ifrit",
      "state" : {
        "revision" : "e610cdf4eddec1e76a9c7ae5db37738c7f73150b",
        "version" : "2.0.3"
      }
    },
    {
      "identity" : "launchatlogin-modern",
      "kind" : "remoteSourceControl",
      "location" : "https://github.com/sindresorhus/LaunchAtLogin-Modern",
      "state" : {
        "revision" : "a04ec1c363be3627734f6dad757d82f5d4fa8fcc",
        "version" : "1.1.0"
      }
    },
    {
      "identity" : "sparkle",
      "kind" : "remoteSourceControl",
      "location" : "https://github.com/sparkle-project/Sparkle",
      "state" : {
        "revision" : "ac2def288cbff5cfc7df3ffef6abdf45b72bcb0a",
        "version" : "2.9.6"
      }
    }
  ],
  "version" : 3
}
